
Microsoft Visual Studio Solution File, Format Version 10.00
# Visual Studio 2008
Project("{D2ABAB84-BF74-430A-B69E-9DC6D40DDA17}") = "Analysis Services Project1", "Analysis Services Project1\Analysis Services Project1.dwproj", "{31C26AAF-3BEE-47D8-BBAB-C4CC181D7AE3}"
EndProject
Global
	GlobalSection(SolutionConfigurationPlatforms) = preSolution
		Development|Default = Development|Default
	EndGlobalSection
	GlobalSection(ProjectConfigurationPlatforms) = postSolution
		{31C26AAF-3BEE-47D8-BBAB-C4CC181D7AE3}.Development|Default.ActiveCfg = Development
		{31C26AAF-3BEE-47D8-BBAB-C4CC181D7AE3}.Development|Default.Build.0 = Development
		{31C26AAF-3BEE-47D8-BBAB-C4CC181D7AE3}.Development|Default.Deploy.0 = Development
	EndGlobalSection
	GlobalSection(SolutionProperties) = preSolution
		HideSolutionNode = FALSE
	EndGlobalSection
EndGlobal
